
Microsoft Visual Studio Solution File, Format Version 12.00
# Visual Studio Version 17
VisualStudioVersion = 17.9.34607.119
MinimumVisualStudioVersion = 10.0.40219.1
Project("{FAE04EC0-301F-11D3-BF4B-00C04F79EFBC}") = "ExoListeContact", "ExoListeContact.csproj", "{82C38E4E-EFE3-40DC-8AA1-680E0E578D78}"
EndProject
Global
	GlobalSection(SolutionConfigurationPlatforms) = preSolution
		Debug|Any CPU = Debug|Any CPU
		Release|Any CPU = Release|Any CPU
	EndGlobalSection
	GlobalSection(ProjectConfigurationPlatforms) = postSolution
		{82C38E4E-EFE3-40DC-8AA1-680E0E578D78}.Debug|Any CPU.ActiveCfg = Debug|Any CPU
		{82C38E4E-EFE3-40DC-8AA1-680E0E578D78}.Debug|Any CPU.Build.0 = Debug|Any CPU
		{82C38E4E-EFE3-40DC-8AA1-680E0E578D78}.Release|Any CPU.ActiveCfg = Release|Any CPU
		{82C38E4E-EFE3-40DC-8AA1-680E0E578D78}.Release|Any CPU.Build.0 = Release|Any CPU
	EndGlobalSection
	GlobalSection(SolutionProperties) = preSolution
		HideSolutionNode = FALSE
	EndGlobalSection
	GlobalSection(ExtensibilityGlobals) = postSolution
		SolutionGuid = {3F82F675-D356-4443-B360-0E383081858F}
	EndGlobalSection
EndGlobal
